// !$*UTF8*$!
{
	archiveVersion = 1;
	classes = {
	};
	objectVersion = 50;
	objects = {

/* Begin PBXBuildFile section */
		083DC494219FFF7000D6DDEA /* AppDelegate.swift in Sources */ = {isa = PBXBuildFile; fileRef = 083DC493219FFF7000D6DDEA /* AppDelegate.swift */; };
		083DC496219FFF7000D6DDEA /* MainViewController.swift in Sources */ = {isa = PBXBuildFile; fileRef = 083DC495219FFF7000D6DDEA /* MainViewController.swift */; };
		083DC499219FFF7000D6DDEA /* Main.storyboard in Resources */ = {isa = PBXBuildFile; fileRef = 083DC497219FFF7000D6DDEA /* Main.storyboard */; };
		083DC49B219FFF7700D6DDEA /* Assets.xcassets in Resources */ = {isa = PBXBuildFile; fileRef = 083DC49A219FFF7700D6DDEA /* Assets.xcassets */; };
		083DC49E219FFF7700D6DDEA /* LaunchScreen.storyboard in Resources */ = {isa = PBXBuildFile; fileRef = 083DC49C219FFF7700D6DDEA /* LaunchScreen.storyboard */; };
		083DC4A9219FFF7800D6DDEA /* ValleyDemoTests.swift in Sources */ = {isa = PBXBuildFile; fileRef = 083DC4A8219FFF7800D6DDEA /* ValleyDemoTests.swift */; };
		083DC4B4219FFF7800D6DDEA /* ValleyDemoUITests.swift in Sources */ = {isa = PBXBuildFile; fileRef = 083DC4B3219FFF7800D6DDEA /* ValleyDemoUITests.swift */; };
		083DC4CA21A007B300D6DDEA /* PinterestLayout.swift in Sources */ = {isa = PBXBuildFile; fileRef = 083DC4C921A007B300D6DDEA /* PinterestLayout.swift */; };
		08832F1B21A1128600BFD5F8 /* UIColor+Hex.swift in Sources */ = {isa = PBXBuildFile; fileRef = 08832F1A21A1128600BFD5F8 /* UIColor+Hex.swift */; };
		08832F1F21A11FA800BFD5F8 /* UICollectionView+Association.swift in Sources */ = {isa = PBXBuildFile; fileRef = 08832F1E21A11FA800BFD5F8 /* UICollectionView+Association.swift */; };
		08832F2121A1203000BFD5F8 /* ValleyTransition.swift in Sources */ = {isa = PBXBuildFile; fileRef = 08832F2021A1203000BFD5F8 /* ValleyTransition.swift */; };
		08832F2321A1223800BFD5F8 /* UIViewExtensions.swift in Sources */ = {isa = PBXBuildFile; fileRef = 08832F2221A1223800BFD5F8 /* UIViewExtensions.swift */; };
		08832F2721A1238300BFD5F8 /* DetailsViewController.swift in Sources */ = {isa = PBXBuildFile; fileRef = 08832F2621A1238300BFD5F8 /* DetailsViewController.swift */; };
		08832F2B21A1258700BFD5F8 /* Constants.swift in Sources */ = {isa = PBXBuildFile; fileRef = 08832F2A21A1258700BFD5F8 /* Constants.swift */; };
		08832F2D21A1279B00BFD5F8 /* DetailPageViewCell.swift in Sources */ = {isa = PBXBuildFile; fileRef = 08832F2C21A1279B00BFD5F8 /* DetailPageViewCell.swift */; };
		08832F2F21A1288B00BFD5F8 /* ValleyNavigationController.swift in Sources */ = {isa = PBXBuildFile; fileRef = 08832F2E21A1288B00BFD5F8 /* ValleyNavigationController.swift */; };
		08AC6ED01FF9B75B00D8FA0F /* PinCollectionViewCell.xib in Resources */ = {isa = PBXBuildFile; fileRef = 08AC6ECE1FF9B75A00D8FA0F /* PinCollectionViewCell.xib */; };
		08AC6ED11FF9B75B00D8FA0F /* PinCollectionViewCell.swift in Sources */ = {isa = PBXBuildFile; fileRef = 08AC6ECF1FF9B75A00D8FA0F /* PinCollectionViewCell.swift */; };
		08AC6ED31FF9B85F00D8FA0F /* PostDataModel.swift in Sources */ = {isa = PBXBuildFile; fileRef = 08AC6ED21FF9B85F00D8FA0F /* PostDataModel.swift */; };
		08AC6ED521A01F6400D8FA0F /* Links.swift in Sources */ = {isa = PBXBuildFile; fileRef = 08AC6ED421A01F6400D8FA0F /* Links.swift */; };
		08AC6ED721A0202A00D8FA0F /* User.swift in Sources */ = {isa = PBXBuildFile; fileRef = 08AC6ED621A0202A00D8FA0F /* User.swift */; };
		08AC6ED921A0223900D8FA0F /* Category.swift in Sources */ = {isa = PBXBuildFile; fileRef = 08AC6ED821A0223900D8FA0F /* Category.swift */; };
		C8C027CB59287522A1F76047 /* Pods_ValleyDemo.framework in Frameworks */ = {isa = PBXBuildFile; fileRef = 605933271D8442C0E0E463C4 /* Pods_ValleyDemo.framework */; };
/* End PBXBuildFile section */

/* Begin PBXContainerItemProxy section */
		083DC4A5219FFF7800D6DDEA /* PBXContainerItemProxy */ = {
			isa = PBXContainerItemProxy;
			containerPortal = 083DC488219FFF7000D6DDEA /* Project object */;
			proxyType = 1;
			remoteGlobalIDString = 083DC48F219FFF7000D6DDEA;
			remoteInfo = ValleyDemo;
		};
		083DC4B0219FFF7800D6DDEA /* PBXContainerItemProxy */ = {
			isa = PBXContainerItemProxy;
			containerPortal = 083DC488219FFF7000D6DDEA /* Project object */;
			proxyType = 1;
			remoteGlobalIDString = 083DC48F219FFF7000D6DDEA;
			remoteInfo = ValleyDemo;
		};
/* End PBXContainerItemProxy section */

/* Begin PBXFileReference section */
		083DC490219FFF7000D6DDEA /* ValleyDemo.app */ = {isa = PBXFileReference; explicitFileType = wrapper.application; includeInIndex = 0; path = ValleyDemo.app; sourceTree = BUILT_PRODUCTS_DIR; };
		083DC493219FFF7000D6DDEA /* AppDelegate.swift */ = {isa = PBXFileReference; lastKnownFileType = sourcecode.swift; path = AppDelegate.swift; sourceTree = "<group>"; };
		083DC495219FFF7000D6DDEA /* MainViewController.swift */ = {isa = PBXFileReference; lastKnownFileType = sourcecode.swift; path = MainViewController.swift; sourceTree = "<group>"; };
		083DC498219FFF7000D6DDEA /* Base */ = {isa = PBXFileReference; lastKnownFileType = file.storyboard; name = Base; path = Base.lproj/Main.storyboard; sourceTree = "<group>"; };
		083DC49A219FFF7700D6DDEA /* Assets.xcassets */ = {isa = PBXFileReference; lastKnownFileType = folder.assetcatalog; path = Assets.xcassets; sourceTree = "<group>"; };
		083DC49D219FFF7700D6DDEA /* Base */ = {isa = PBXFileReference; lastKnownFileType = file.storyboard; name = Base; path = Base.lproj/LaunchScreen.storyboard; sourceTree = "<group>"; };
		083DC49F219FFF7700D6DDEA /* Info.plist */ = {isa = PBXFileReference; lastKnownFileType = text.plist.xml; path = Info.plist; sourceTree = "<group>"; };
		083DC4A4219FFF7800D6DDEA /* ValleyDemoTests.xctest */ = {isa = PBXFileReference; explicitFileType = wrapper.cfbundle; includeInIndex = 0; path = ValleyDemoTests.xctest; sourceTree = BUILT_PRODUCTS_DIR; };
		083DC4A8219FFF7800D6DDEA /* ValleyDemoTests.swift */ = {isa = PBXFileReference; lastKnownFileType = sourcecode.swift; path = ValleyDemoTests.swift; sourceTree = "<group>"; };
		083DC4AA219FFF7800D6DDEA /* Info.plist */ = {isa = PBXFileReference; lastKnownFileType = text.plist.xml; path = Info.plist; sourceTree = "<group>"; };
		083DC4AF219FFF7800D6DDEA /* ValleyDemoUITests.xctest */ = {isa = PBXFileReference; explicitFileType = wrapper.cfbundle; includeInIndex = 0; path = ValleyDemoUITests.xctest; sourceTree = BUILT_PRODUCTS_DIR; };
		083DC4B3219FFF7800D6DDEA /* ValleyDemoUITests.swift */ = {isa = PBXFileReference; lastKnownFileType = sourcecode.swift; path = ValleyDemoUITests.swift; sourceTree = "<group>"; };
		083DC4B5219FFF7800D6DDEA /* Info.plist */ = {isa = PBXFileReference; lastKnownFileType = text.plist.xml; path = Info.plist; sourceTree = "<group>"; };
		083DC4C921A007B300D6DDEA /* PinterestLayout.swift */ = {isa = PBXFileReference; fileEncoding = 4; lastKnownFileType = sourcecode.swift; path = PinterestLayout.swift; sourceTree = "<group>"; };
		08832F1A21A1128600BFD5F8 /* UIColor+Hex.swift */ = {isa = PBXFileReference; lastKnownFileType = sourcecode.swift; path = "UIColor+Hex.swift"; sourceTree = "<group>"; };
		08832F1E21A11FA800BFD5F8 /* UICollectionView+Association.swift */ = {isa = PBXFileReference; lastKnownFileType = sourcecode.swift; path = "UICollectionView+Association.swift"; sourceTree = "<group>"; };
		08832F2021A1203000BFD5F8 /* ValleyTransition.swift */ = {isa = PBXFileReference; lastKnownFileType = sourcecode.swift; path = ValleyTransition.swift; sourceTree = "<group>"; };
		08832F2221A1223800BFD5F8 /* UIViewExtensions.swift */ = {isa = PBXFileReference; lastKnownFileType = sourcecode.swift; path = UIViewExtensions.swift; sourceTree = "<group>"; };
		08832F2621A1238300BFD5F8 /* DetailsViewController.swift */ = {isa = PBXFileReference; lastKnownFileType = sourcecode.swift; path = DetailsViewController.swift; sourceTree = "<group>"; };
		08832F2A21A1258700BFD5F8 /* Constants.swift */ = {isa = PBXFileReference; lastKnownFileType = sourcecode.swift; path = Constants.swift; sourceTree = "<group>"; };
		08832F2C21A1279B00BFD5F8 /* DetailPageViewCell.swift */ = {isa = PBXFileReference; fileEncoding = 4; lastKnownFileType = sourcecode.swift; path = DetailPageViewCell.swift; sourceTree = "<group>"; };
		08832F2E21A1288B00BFD5F8 /* ValleyNavigationController.swift */ = {isa = PBXFileReference; lastKnownFileType = sourcecode.swift; path = ValleyNavigationController.swift; sourceTree = "<group>"; };
		089DCB4D21A0629F00088D14 /* Valley.framework */ = {isa = PBXFileReference; lastKnownFileType = wrapper.framework; path = Valley.framework; sourceTree = "<group>"; };
		08AC6ECE1FF9B75A00D8FA0F /* PinCollectionViewCell.xib */ = {isa = PBXFileReference; fileEncoding = 4; lastKnownFileType = file.xib; path = PinCollectionViewCell.xib; sourceTree = "<group>"; };
		08AC6ECF1FF9B75A00D8FA0F /* PinCollectionViewCell.swift */ = {isa = PBXFileReference; fileEncoding = 4; lastKnownFileType = sourcecode.swift; path = PinCollectionViewCell.swift; sourceTree = "<group>"; };
		08AC6ED21FF9B85F00D8FA0F /* PostDataModel.swift */ = {isa = PBXFileReference; lastKnownFileType = sourcecode.swift; path = PostDataModel.swift; sourceTree = "<group>"; };
		08AC6ED421A01F6400D8FA0F /* Links.swift */ = {isa = PBXFileReference; lastKnownFileType = sourcecode.swift; path = Links.swift; sourceTree = "<group>"; };
		08AC6ED621A0202A00D8FA0F /* User.swift */ = {isa = PBXFileReference; lastKnownFileType = sourcecode.swift; path = User.swift; sourceTree = "<group>"; };
		08AC6ED821A0223900D8FA0F /* Category.swift */ = {isa = PBXFileReference; lastKnownFileType = sourcecode.swift; path = Category.swift; sourceTree = "<group>"; };
		27615F4910AC6A68FF784695 /* Pods-ValleyDemo.release.xcconfig */ = {isa = PBXFileReference; includeInIndex = 1; lastKnownFileType = text.xcconfig; name = "Pods-ValleyDemo.release.xcconfig"; path = "Pods/Target Support Files/Pods-ValleyDemo/Pods-ValleyDemo.release.xcconfig"; sourceTree = "<group>"; };
		605933271D8442C0E0E463C4 /* Pods_ValleyDemo.framework */ = {isa = PBXFileReference; explicitFileType = wrapper.framework; includeInIndex = 0; path = Pods_ValleyDemo.framework; sourceTree = BUILT_PRODUCTS_DIR; };
		F71D41267D0656D5A50C50DB /* Pods-ValleyDemo.debug.xcconfig */ = {isa = PBXFileReference; includeInIndex = 1; lastKnownFileType = text.xcconfig; name = "Pods-ValleyDemo.debug.xcconfig"; path = "Pods/Target Support Files/Pods-ValleyDemo/Pods-ValleyDemo.debug.xcconfig"; sourceTree = "<group>"; };
/* End PBXFileReference section */

/* Begin PBXFrameworksBuildPhase section */
		083DC48D219FFF7000D6DDEA /* Frameworks */ = {
			isa = PBXFrameworksBuildPhase;
			buildActionMask = 2147483647;
			files = (
				C8C027CB59287522A1F76047 /* Pods_ValleyDemo.framework in Frameworks */,
			);
			runOnlyForDeploymentPostprocessing = 0;
		};
		083DC4A1219FFF7800D6DDEA /* Frameworks */ = {
			isa = PBXFrameworksBuildPhase;
			buildActionMask = 2147483647;
			files = (
			);
			runOnlyForDeploymentPostprocessing = 0;
		};
		083DC4AC219FFF7800D6DDEA /* Frameworks */ = {
			isa = PBXFrameworksBuildPhase;
			buildActionMask = 2147483647;
			files = (
			);
			runOnlyForDeploymentPostprocessing = 0;
		};
/* End PBXFrameworksBuildPhase section */

/* Begin PBXGroup section */
		083DC487219FFF7000D6DDEA = {
			isa = PBXGroup;
			children = (
				083DC492219FFF7000D6DDEA /* ValleyDemo */,
				083DC4A7219FFF7800D6DDEA /* ValleyDemoTests */,
				083DC4B2219FFF7800D6DDEA /* ValleyDemoUITests */,
				083DC491219FFF7000D6DDEA /* Products */,
				089DCB4C21A0629E00088D14 /* Frameworks */,
				C32F7405F858161AF744383D /* Pods */,
			);
			sourceTree = "<group>";
		};
		083DC491219FFF7000D6DDEA /* Products */ = {
			isa = PBXGroup;
			children = (
				083DC490219FFF7000D6DDEA /* ValleyDemo.app */,
				083DC4A4219FFF7800D6DDEA /* ValleyDemoTests.xctest */,
				083DC4AF219FFF7800D6DDEA /* ValleyDemoUITests.xctest */,
			);
			name = Products;
			sourceTree = "<group>";
		};
		083DC492219FFF7000D6DDEA /* ValleyDemo */ = {
			isa = PBXGroup;
			children = (
				08832F1921A1124100BFD5F8 /* Miscellaneous */,
				083DC4C721A0078000D6DDEA /* Models */,
				083DC4C621A0077100D6DDEA /* Views */,
				083DC4C521A0074F00D6DDEA /* View Controllers */,
				083DC4C421A0073C00D6DDEA /* Assets */,
				083DC4C321A0072B00D6DDEA /* Interfaces */,
				083DC4C121A006EC00D6DDEA /* Supporting Files */,
			);
			path = ValleyDemo;
			sourceTree = "<group>";
		};
		083DC4A7219FFF7800D6DDEA /* ValleyDemoTests */ = {
			isa = PBXGroup;
			children = (
				083DC4A8219FFF7800D6DDEA /* ValleyDemoTests.swift */,
				083DC4AA219FFF7800D6DDEA /* Info.plist */,
			);
			path = ValleyDemoTests;
			sourceTree = "<group>";
		};
		083DC4B2219FFF7800D6DDEA /* ValleyDemoUITests */ = {
			isa = PBXGroup;
			children = (
				083DC4B3219FFF7800D6DDEA /* ValleyDemoUITests.swift */,
				083DC4B5219FFF7800D6DDEA /* Info.plist */,
			);
			path = ValleyDemoUITests;
			sourceTree = "<group>";
		};
		083DC4C121A006EC00D6DDEA /* Supporting Files */ = {
			isa = PBXGroup;
			children = (
				083DC49F219FFF7700D6DDEA /* Info.plist */,
				083DC493219FFF7000D6DDEA /* AppDelegate.swift */,
			);
			name = "Supporting Files";
			sourceTree = "<group>";
		};
		083DC4C321A0072B00D6DDEA /* Interfaces */ = {
			isa = PBXGroup;
			children = (
				083DC497219FFF7000D6DDEA /* Main.storyboard */,
				083DC49C219FFF7700D6DDEA /* LaunchScreen.storyboard */,
			);
			name = Interfaces;
			sourceTree = "<group>";
		};
		083DC4C421A0073C00D6DDEA /* Assets */ = {
			isa = PBXGroup;
			children = (
				083DC49A219FFF7700D6DDEA /* Assets.xcassets */,
			);
			name = Assets;
			sourceTree = "<group>";
		};
		083DC4C521A0074F00D6DDEA /* View Controllers */ = {
			isa = PBXGroup;
			children = (
				083DC495219FFF7000D6DDEA /* MainViewController.swift */,
				08832F2621A1238300BFD5F8 /* DetailsViewController.swift */,
				08832F2E21A1288B00BFD5F8 /* ValleyNavigationController.swift */,
			);
			path = "View Controllers";
			sourceTree = "<group>";
		};
		083DC4C621A0077100D6DDEA /* Views */ = {
			isa = PBXGroup;
			children = (
				083DC4C821A007B300D6DDEA /* Layouts */,
				08832F2C21A1279B00BFD5F8 /* DetailPageViewCell.swift */,
				08AC6ECF1FF9B75A00D8FA0F /* PinCollectionViewCell.swift */,
				08AC6ECE1FF9B75A00D8FA0F /* PinCollectionViewCell.xib */,
			);
			path = Views;
			sourceTree = "<group>";
		};
		083DC4C721A0078000D6DDEA /* Models */ = {
			isa = PBXGroup;
			children = (
				08AC6ED21FF9B85F00D8FA0F /* PostDataModel.swift */,
				08AC6ED421A01F6400D8FA0F /* Links.swift */,
				08AC6ED621A0202A00D8FA0F /* User.swift */,
				08AC6ED821A0223900D8FA0F /* Category.swift */,
			);
			path = Models;
			sourceTree = "<group>";
		};
		083DC4C821A007B300D6DDEA /* Layouts */ = {
			isa = PBXGroup;
			children = (
				083DC4C921A007B300D6DDEA /* PinterestLayout.swift */,
			);
			path = Layouts;
			sourceTree = "<group>";
		};
		08832F1921A1124100BFD5F8 /* Miscellaneous */ = {
			isa = PBXGroup;
			children = (
				08832F1A21A1128600BFD5F8 /* UIColor+Hex.swift */,
				08832F1E21A11FA800BFD5F8 /* UICollectionView+Association.swift */,
				08832F2021A1203000BFD5F8 /* ValleyTransition.swift */,
				08832F2221A1223800BFD5F8 /* UIViewExtensions.swift */,
				08832F2A21A1258700BFD5F8 /* Constants.swift */,
			);
			path = Miscellaneous;
			sourceTree = "<group>";
		};
		089DCB4C21A0629E00088D14 /* Frameworks */ = {
			isa = PBXGroup;
			children = (
				089DCB4D21A0629F00088D14 /* Valley.framework */,
				605933271D8442C0E0E463C4 /* Pods_ValleyDemo.framework */,
			);
			name = Frameworks;
			sourceTree = "<group>";
		};
		C32F7405F858161AF744383D /* Pods */ = {
			isa = PBXGroup;
			children = (
				F71D41267D0656D5A50C50DB /* Pods-ValleyDemo.debug.xcconfig */,
				27615F4910AC6A68FF784695 /* Pods-ValleyDemo.release.xcconfig */,
			);
			name = Pods;
			sourceTree = "<group>";
		};
/* End PBXGroup section */

/* Begin PBXNativeTarget section */
		083DC48F219FFF7000D6DDEA /* ValleyDemo */ = {
			isa = PBXNativeTarget;
			buildConfigurationList = 083DC4B8219FFF7800D6DDEA /* Build configuration list for PBXNativeTarget "ValleyDemo" */;
			buildPhases = (
				712488804CA066D355977099 /* [CP] Check Pods Manifest.lock */,
				083DC48C219FFF7000D6DDEA /* Sources */,
				083DC48D219FFF7000D6DDEA /* Frameworks */,
				083DC48E219FFF7000D6DDEA /* Resources */,
				255974AB8E21593AAE0FBDC4 /* [CP] Embed Pods Frameworks */,
			);
			buildRules = (
			);
			dependencies = (
			);
			name = ValleyDemo;
			productName = ValleyDemo;
			productReference = 083DC490219FFF7000D6DDEA /* ValleyDemo.app */;
			productType = "com.apple.product-type.application";
		};
		083DC4A3219FFF7800D6DDEA /* ValleyDemoTests */ = {
			isa = PBXNativeTarget;
			buildConfigurationList = 083DC4BB219FFF7800D6DDEA /* Build configuration list for PBXNativeTarget "ValleyDemoTests" */;
			buildPhases = (
				083DC4A0219FFF7800D6DDEA /* Sources */,
				083DC4A1219FFF7800D6DDEA /* Frameworks */,
				083DC4A2219FFF7800D6DDEA /* Resources */,
			);
			buildRules = (
			);
			dependencies = (
				083DC4A6219FFF7800D6DDEA /* PBXTargetDependency */,
			);
			name = ValleyDemoTests;
			productName = ValleyDemoTests;
			productReference = 083DC4A4219FFF7800D6DDEA /* ValleyDemoTests.xctest */;
			productType = "com.apple.product-type.bundle.unit-test";
		};
		083DC4AE219FFF7800D6DDEA /* ValleyDemoUITests */ = {
			isa = PBXNativeTarget;
			buildConfigurationList = 083DC4BE219FFF7800D6DDEA /* Build configuration list for PBXNativeTarget "ValleyDemoUITests" */;
			buildPhases = (
				083DC4AB219FFF7800D6DDEA /* Sources */,
				083DC4AC219FFF7800D6DDEA /* Frameworks */,
				083DC4AD219FFF7800D6DDEA /* Resources */,
			);
			buildRules = (
			);
			dependencies = (
				083DC4B1219FFF7800D6DDEA /* PBXTargetDependency */,
			);
			name = ValleyDemoUITests;
			productName = ValleyDemoUITests;
			productReference = 083DC4AF219FFF7800D6DDEA /* ValleyDemoUITests.xctest */;
			productType = "com.apple.product-type.bundle.ui-testing";
		};
/* End PBXNativeTarget section */

/* Begin PBXProject section */
		083DC488219FFF7000D6DDEA /* Project object */ = {
			isa = PBXProject;
			attributes = {
				LastSwiftUpdateCheck = 1000;
				LastUpgradeCheck = 1000;
				ORGANIZATIONNAME = "Jahid Hassan";
				TargetAttributes = {
					083DC48F219FFF7000D6DDEA = {
						CreatedOnToolsVersion = 10.0;
					};
					083DC4A3219FFF7800D6DDEA = {
						CreatedOnToolsVersion = 10.0;
						TestTargetID = 083DC48F219FFF7000D6DDEA;
					};
					083DC4AE219FFF7800D6DDEA = {
						CreatedOnToolsVersion = 10.0;
						TestTargetID = 083DC48F219FFF7000D6DDEA;
					};
				};
			};
			buildConfigurationList = 083DC48B219FFF7000D6DDEA /* Build configuration list for PBXProject "ValleyDemo" */;
			compatibilityVersion = "Xcode 9.3";
			developmentRegion = en;
			hasScannedForEncodings = 0;
			knownRegions = (
				en,
				Base,
			);
			mainGroup = 083DC487219FFF7000D6DDEA;
			productRefGroup = 083DC491219FFF7000D6DDEA /* Products */;
			projectDirPath = "";
			projectRoot = "";
			targets = (
				083DC48F219FFF7000D6DDEA /* ValleyDemo */,
				083DC4A3219FFF7800D6DDEA /* ValleyDemoTests */,
				083DC4AE219FFF7800D6DDEA /* ValleyDemoUITests */,
			);
		};
/* End PBXProject section */

/* Begin PBXResourcesBuildPhase section */
		083DC48E219FFF7000D6DDEA /* Resources */ = {
			isa = PBXResourcesBuildPhase;
			buildActionMask = 2147483647;
			files = (
				083DC49E219FFF7700D6DDEA /* LaunchScreen.storyboard in Resources */,
				083DC49B219FFF7700D6DDEA /* Assets.xcassets in Resources */,
				08AC6ED01FF9B75B00D8FA0F /* PinCollectionViewCell.xib in Resources */,
				083DC499219FFF7000D6DDEA /* Main.storyboard in Resources */,
			);
			runOnlyForDeploymentPostprocessing = 0;
		};
		083DC4A2219FFF7800D6DDEA /* Resources */ = {
			isa = PBXResourcesBuildPhase;
			buildActionMask = 2147483647;
			files = (
			);
			runOnlyForDeploymentPostprocessing = 0;
		};
		083DC4AD219FFF7800D6DDEA /* Resources */ = {
			isa = PBXResourcesBuildPhase;
			buildActionMask = 2147483647;
			files = (
			);
			runOnlyForDeploymentPostprocessing = 0;
		};
/* End PBXResourcesBuildPhase section */

/* Begin PBXShellScriptBuildPhase section */
		255974AB8E21593AAE0FBDC4 /* [CP] Embed Pods Frameworks */ = {
			isa = PBXShellScriptBuildPhase;
			buildActionMask = 2147483647;
			files = (
			);
			inputPaths = (
				"${SRCROOT}/Pods/Target Support Files/Pods-ValleyDemo/Pods-ValleyDemo-frameworks.sh",
				"${BUILT_PRODUCTS_DIR}/Valley/Valley.framework",
			);
			name = "[CP] Embed Pods Frameworks";
			outputPaths = (
				"${TARGET_BUILD_DIR}/${FRAMEWORKS_FOLDER_PATH}/Valley.framework",
			);
			runOnlyForDeploymentPostprocessing = 0;
			shellPath = /bin/sh;
			shellScript = "\"${SRCROOT}/Pods/Target Support Files/Pods-ValleyDemo/Pods-ValleyDemo-frameworks.sh\"\n";
			showEnvVarsInLog = 0;
		};
		712488804CA066D355977099 /* [CP] Check Pods Manifest.lock */ = {
			isa = PBXShellScriptBuildPhase;
			buildActionMask = 2147483647;
			files = (
			);
			inputPaths = (
				"${PODS_PODFILE_DIR_PATH}/Podfile.lock",
				"${PODS_ROOT}/Manifest.lock",
			);
			name = "[CP] Check Pods Manifest.lock";
			outputPaths = (
				"$(DERIVED_FILE_DIR)/Pods-ValleyDemo-checkManifestLockResult.txt",
			);
			runOnlyForDeploymentPostprocessing = 0;
			shellPath = /bin/sh;
			shellScript = "diff \"${PODS_PODFILE_DIR_PATH}/Podfile.lock\" \"${PODS_ROOT}/Manifest.lock\" > /dev/null\nif [ $? != 0 ] ; then\n    # print error to STDERR\n    echo \"error: The sandbox is not in sync with the Podfile.lock. Run 'pod install' or update your CocoaPods installation.\" >&2\n    exit 1\nfi\n# This output is used by Xcode 'outputs' to avoid re-running this script phase.\necho \"SUCCESS\" > \"${SCRIPT_OUTPUT_FILE_0}\"\n";
			showEnvVarsInLog = 0;
		};
/* End PBXShellScriptBuildPhase section */

/* Begin PBXSourcesBuildPhase section */
		083DC48C219FFF7000D6DDEA /* Sources */ = {
			isa = PBXSourcesBuildPhase;
			buildActionMask = 2147483647;
			files = (
				083DC4CA21A007B300D6DDEA /* PinterestLayout.swift in Sources */,
				08832F2121A1203000BFD5F8 /* ValleyTransition.swift in Sources */,
				08AC6ED521A01F6400D8FA0F /* Links.swift in Sources */,
				08832F2321A1223800BFD5F8 /* UIViewExtensions.swift in Sources */,
				083DC496219FFF7000D6DDEA /* MainViewController.swift in Sources */,
				08832F1B21A1128600BFD5F8 /* UIColor+Hex.swift in Sources */,
				08832F2B21A1258700BFD5F8 /* Constants.swift in Sources */,
				08AC6ED11FF9B75B00D8FA0F /* PinCollectionViewCell.swift in Sources */,
				08832F2F21A1288B00BFD5F8 /* ValleyNavigationController.swift in Sources */,
				083DC494219FFF7000D6DDEA /* AppDelegate.swift in Sources */,
				08AC6ED31FF9B85F00D8FA0F /* PostDataModel.swift in Sources */,
				08832F1F21A11FA800BFD5F8 /* UICollectionView+Association.swift in Sources */,
				08832F2721A1238300BFD5F8 /* DetailsViewController.swift in Sources */,
				08832F2D21A1279B00BFD5F8 /* DetailPageViewCell.swift in Sources */,
				08AC6ED721A0202A00D8FA0F /* User.swift in Sources */,
				08AC6ED921A0223900D8FA0F /* Category.swift in Sources */,
			);
			runOnlyForDeploymentPostprocessing = 0;
		};
		083DC4A0219FFF7800D6DDEA /* Sources */ = {
			isa = PBXSourcesBuildPhase;
			buildActionMask = 2147483647;
			files = (
				083DC4A9219FFF7800D6DDEA /* ValleyDemoTests.swift in Sources */,
			);
			runOnlyForDeploymentPostprocessing = 0;
		};
		083DC4AB219FFF7800D6DDEA /* Sources */ = {
			isa = PBXSourcesBuildPhase;
			buildActionMask = 2147483647;
			files = (
				083DC4B4219FFF7800D6DDEA /* ValleyDemoUITests.swift in Sources */,
			);
			runOnlyForDeploymentPostprocessing = 0;
		};
/* End PBXSourcesBuildPhase section */

/* Begin PBXTargetDependency section */
		083DC4A6219FFF7800D6DDEA /* PBXTargetDependency */ = {
			isa = PBXTargetDependency;
			target = 083DC48F219FFF7000D6DDEA /* ValleyDemo */;
			targetProxy = 083DC4A5219FFF7800D6DDEA /* PBXContainerItemProxy */;
		};
		083DC4B1219FFF7800D6DDEA /* PBXTargetDependency */ = {
			isa = PBXTargetDependency;
			target = 083DC48F219FFF7000D6DDEA /* ValleyDemo */;
			targetProxy = 083DC4B0219FFF7800D6DDEA /* PBXContainerItemProxy */;
		};
/* End PBXTargetDependency section */

/* Begin PBXVariantGroup section */
		083DC497219FFF7000D6DDEA /* Main.storyboard */ = {
			isa = PBXVariantGroup;
			children = (
				083DC498219FFF7000D6DDEA /* Base */,
			);
			name = Main.storyboard;
			sourceTree = "<group>";
		};
		083DC49C219FFF7700D6DDEA /* LaunchScreen.storyboard */ = {
			isa = PBXVariantGroup;
			children = (
				083DC49D219FFF7700D6DDEA /* Base */,
			);
			name = LaunchScreen.storyboard;
			sourceTree = "<group>";
		};
/* End PBXVariantGroup section */

/* Begin XCBuildConfiguration section */
		083DC4B6219FFF7800D6DDEA /* Debug */ = {
			isa = XCBuildConfiguration;
			buildSettings = {
				ALWAYS_SEARCH_USER_PATHS = NO;
				CLANG_ANALYZER_NONNULL = YES;
				CLANG_ANALYZER_NUMBER_OBJECT_CONVERSION = YES_AGGRESSIVE;
				CLANG_CXX_LANGUAGE_STANDARD = "gnu++14";
				CLANG_CXX_LIBRARY = "libc++";
				CLANG_ENABLE_MODULES = YES;
				CLANG_ENABLE_OBJC_ARC = YES;
				CLANG_ENABLE_OBJC_WEAK = YES;
				CLANG_WARN_BLOCK_CAPTURE_AUTORELEASING = YES;
				CLANG_WARN_BOOL_CONVERSION = YES;
				CLANG_WARN_COMMA = YES;
				CLANG_WARN_CONSTANT_CONVERSION = YES;
				CLANG_WARN_DEPRECATED_OBJC_IMPLEMENTATIONS = YES;
				CLANG_WARN_DIRECT_OBJC_ISA_USAGE = YES_ERROR;
				CLANG_WARN_DOCUMENTATION_COMMENTS = YES;
				CLANG_WARN_EMPTY_BODY = YES;
				CLANG_WARN_ENUM_CONVERSION = YES;
				CLANG_WARN_INFINITE_RECURSION = YES;
				CLANG_WARN_INT_CONVERSION = YES;
				CLANG_WARN_NON_LITERAL_NULL_CONVERSION = YES;
				CLANG_WARN_OBJC_IMPLICIT_RETAIN_SELF = YES;
				CLANG_WARN_OBJC_LITERAL_CONVERSION = YES;
				CLANG_WARN_OBJC_ROOT_CLASS = YES_ERROR;
				CLANG_WARN_RANGE_LOOP_ANALYSIS = YES;
				CLANG_WARN_STRICT_PROTOTYPES = YES;
				CLANG_WARN_SUSPICIOUS_MOVE = YES;
				CLANG_WARN_UNGUARDED_AVAILABILITY = YES_AGGRESSIVE;
				CLANG_WARN_UNREACHABLE_CODE = YES;
				CLANG_WARN__DUPLICATE_METHOD_MATCH = YES;
				CODE_SIGN_IDENTITY = "iPhone Developer";
				COPY_PHASE_STRIP = NO;
				DEBUG_INFORMATION_FORMAT = dwarf;
				ENABLE_STRICT_OBJC_MSGSEND = YES;
				ENABLE_TESTABILITY = YES;
				GCC_C_LANGUAGE_STANDARD = gnu11;
				GCC_DYNAMIC_NO_PIC = NO;
				GCC_NO_COMMON_BLOCKS = YES;
				GCC_OPTIMIZATION_LEVEL = 0;
				GCC_PREPROCESSOR_DEFINITIONS = (
					"DEBUG=1",
					"$(inherited)",
				);
				GCC_WARN_64_TO_32_BIT_CONVERSION = YES;
				GCC_WARN_ABOUT_RETURN_TYPE = YES_ERROR;
				GCC_WARN_UNDECLARED_SELECTOR = YES;
				GCC_WARN_UNINITIALIZED_AUTOS = YES_AGGRESSIVE;
				GCC_WARN_UNUSED_FUNCTION = YES;
				GCC_WARN_UNUSED_VARIABLE = YES;
				IPHONEOS_DEPLOYMENT_TARGET = 10.0;
				MTL_ENABLE_DEBUG_INFO = INCLUDE_SOURCE;
				MTL_FAST_MATH = YES;
				ONLY_ACTIVE_ARCH = YES;
				SDKROOT = iphoneos;
				SWIFT_ACTIVE_COMPILATION_CONDITIONS = DEBUG;
				SWIFT_OPTIMIZATION_LEVEL = "-Onone";
			};
			name = Debug;
		};
		083DC4B7219FFF7800D6DDEA /* Release */ = {
			isa = XCBuildConfiguration;
			buildSettings = {
				ALWAYS_SEARCH_USER_PATHS = NO;
				CLANG_ANALYZER_NONNULL = YES;
				CLANG_ANALYZER_NUMBER_OBJECT_CONVERSION = YES_AGGRESSIVE;
				CLANG_CXX_LANGUAGE_STANDARD = "gnu++14";
				CLANG_CXX_LIBRARY = "libc++";
				CLANG_ENABLE_MODULES = YES;
				CLANG_ENABLE_OBJC_ARC = YES;
				CLANG_ENABLE_OBJC_WEAK = YES;
				CLANG_WARN_BLOCK_CAPTURE_AUTORELEASING = YES;
				CLANG_WARN_BOOL_CONVERSION = YES;
				CLANG_WARN_COMMA = YES;
				CLANG_WARN_CONSTANT_CONVERSION = YES;
				CLANG_WARN_DEPRECATED_OBJC_IMPLEMENTATIONS = YES;
				CLANG_WARN_DIRECT_OBJC_ISA_USAGE = YES_ERROR;
				CLANG_WARN_DOCUMENTATION_COMMENTS = YES;
				CLANG_WARN_EMPTY_BODY = YES;
				CLANG_WARN_ENUM_CONVERSION = YES;
				CLANG_WARN_INFINITE_RECURSION = YES;
				CLANG_WARN_INT_CONVERSION = YES;
				CLANG_WARN_NON_LITERAL_NULL_CONVERSION = YES;
				CLANG_WARN_OBJC_IMPLICIT_RETAIN_SELF = YES;
				CLANG_WARN_OBJC_LITERAL_CONVERSION = YES;
				CLANG_WARN_OBJC_ROOT_CLASS = YES_ERROR;
				CLANG_WARN_RANGE_LOOP_ANALYSIS = YES;
				CLANG_WARN_STRICT_PROTOTYPES = YES;
				CLANG_WARN_SUSPICIOUS_MOVE = YES;
				CLANG_WARN_UNGUARDED_AVAILABILITY = YES_AGGRESSIVE;
				CLANG_WARN_UNREACHABLE_CODE = YES;
				CLANG_WARN__DUPLICATE_METHOD_MATCH = YES;
				CODE_SIGN_IDENTITY = "iPhone Developer";
				COPY_PHASE_STRIP = NO;
				DEBUG_INFORMATION_FORMAT = "dwarf-with-dsym";
				ENABLE_NS_ASSERTIONS = NO;
				ENABLE_STRICT_OBJC_MSGSEND = YES;
				GCC_C_LANGUAGE_STANDARD = gnu11;
				GCC_NO_COMMON_BLOCKS = YES;
				GCC_WARN_64_TO_32_BIT_CONVERSION = YES;
				GCC_WARN_ABOUT_RETURN_TYPE = YES_ERROR;
				GCC_WARN_UNDECLARED_SELECTOR = YES;
				GCC_WARN_UNINITIALIZED_AUTOS = YES_AGGRESSIVE;
				GCC_WARN_UNUSED_FUNCTION = YES;
				GCC_WARN_UNUSED_VARIABLE = YES;
				IPHONEOS_DEPLOYMENT_TARGET = 10.0;
				MTL_ENABLE_DEBUG_INFO = NO;
				MTL_FAST_MATH = YES;
				SDKROOT = iphoneos;
				SWIFT_COMPILATION_MODE = wholemodule;
				SWIFT_OPTIMIZATION_LEVEL = "-O";
				VALIDATE_PRODUCT = YES;
			};
			name = Release;
		};
		083DC4B9219FFF7800D6DDEA /* Debug */ = {
			isa = XCBuildConfiguration;
			baseConfigurationReference = F71D41267D0656D5A50C50DB /* Pods-ValleyDemo.debug.xcconfig */;
			buildSettings = {
				ASSETCATALOG_COMPILER_APPICON_NAME = AppIcon;
				CODE_SIGN_STYLE = Automatic;
				DEVELOPMENT_TEAM = Z26XZJBBF2;
				FRAMEWORK_SEARCH_PATHS = (
					"$(inherited)",
					"$(PROJECT_DIR)",
				);
				INFOPLIST_FILE = ValleyDemo/Info.plist;
				LD_RUNPATH_SEARCH_PATHS = (
					"$(inherited)",
					"@executable_path/Frameworks",
				);
				PRODUCT_BUNDLE_IDENTIFIER = com.jahidhassan.ValleyDemo;
				PRODUCT_NAME = "$(TARGET_NAME)";
				SWIFT_VERSION = 4.2;
				TARGETED_DEVICE_FAMILY = "1,2";
			};
			name = Debug;
		};
		083DC4BA219FFF7800D6DDEA /* Release */ = {
			isa = XCBuildConfiguration;
			baseConfigurationReference = 27615F4910AC6A68FF784695 /* Pods-ValleyDemo.release.xcconfig */;
			buildSettings = {
				ASSETCATALOG_COMPILER_APPICON_NAME = AppIcon;
				CODE_SIGN_STYLE = Automatic;
				DEVELOPMENT_TEAM = Z26XZJBBF2;
				FRAMEWORK_SEARCH_PATHS = (
					"$(inherited)",
					"$(PROJECT_DIR)",
				);
				INFOPLIST_FILE = ValleyDemo/Info.plist;
				LD_RUNPATH_SEARCH_PATHS = (
					"$(inherited)",
					"@executable_path/Frameworks",
				);
				PRODUCT_BUNDLE_IDENTIFIER = com.jahidhassan.ValleyDemo;
				PRODUCT_NAME = "$(TARGET_NAME)";
				SWIFT_VERSION = 4.2;
				TARGETED_DEVICE_FAMILY = "1,2";
			};
			name = Release;
		};
		083DC4BC219FFF7800D6DDEA /* Debug */ = {
			isa = XCBuildConfiguration;
			buildSettings = {
				ALWAYS_EMBED_SWIFT_STANDARD_LIBRARIES = YES;
				BUNDLE_LOADER = "$(TEST_HOST)";
				CODE_SIGN_STYLE = Automatic;
				DEVELOPMENT_TEAM = Z26XZJBBF2;
				INFOPLIST_FILE = ValleyDemoTests/Info.plist;
				LD_RUNPATH_SEARCH_PATHS = (
					"$(inherited)",
					"@executable_path/Frameworks",
					"@loader_path/Frameworks",
				);
				PRODUCT_BUNDLE_IDENTIFIER = com.jahidhassan.ValleyDemoTests;
				PRODUCT_NAME = "$(TARGET_NAME)";
				SWIFT_VERSION = 4.2;
				TARGETED_DEVICE_FAMILY = "1,2";
				TEST_HOST = "$(BUILT_PRODUCTS_DIR)/ValleyDemo.app/ValleyDemo";
			};
			name = Debug;
		};
		083DC4BD219FFF7800D6DDEA /* Release */ = {
			isa = XCBuildConfiguration;
			buildSettings = {
				ALWAYS_EMBED_SWIFT_STANDARD_LIBRARIES = YES;
				BUNDLE_LOADER = "$(TEST_HOST)";
				CODE_SIGN_STYLE = Automatic;
				DEVELOPMENT_TEAM = Z26XZJBBF2;
				INFOPLIST_FILE = ValleyDemoTests/Info.plist;
				LD_RUNPATH_SEARCH_PATHS = (
					"$(inherited)",
					"@executable_path/Frameworks",
					"@loader_path/Frameworks",
				);
				PRODUCT_BUNDLE_IDENTIFIER = com.jahidhassan.ValleyDemoTests;
				PRODUCT_NAME = "$(TARGET_NAME)";
				SWIFT_VERSION = 4.2;
				TARGETED_DEVICE_FAMILY = "1,2";
				TEST_HOST = "$(BUILT_PRODUCTS_DIR)/ValleyDemo.app/ValleyDemo";
			};
			name = Release;
		};
		083DC4BF219FFF7800D6DDEA /* Debug */ = {
			isa = XCBuildConfiguration;
			buildSettings = {
				ALWAYS_EMBED_SWIFT_STANDARD_LIBRARIES = YES;
				CODE_SIGN_STYLE = Automatic;
				DEVELOPMENT_TEAM = Z26XZJBBF2;
				INFOPLIST_FILE = ValleyDemoUITests/Info.plist;
				LD_RUNPATH_SEARCH_PATHS = (
					"$(inherited)",
					"@executable_path/Frameworks",
					"@loader_path/Frameworks",
				);
				PRODUCT_BUNDLE_IDENTIFIER = com.jahidhassan.ValleyDemoUITests;
				PRODUCT_NAME = "$(TARGET_NAME)";
				SWIFT_VERSION = 4.2;
				TARGETED_DEVICE_FAMILY = "1,2";
				TEST_TARGET_NAME = ValleyDemo;
			};
			name = Debug;
		};
		083DC4C0219FFF7800D6DDEA /* Release */ = {
			isa = XCBuildConfiguration;
			buildSettings = {
				ALWAYS_EMBED_SWIFT_STANDARD_LIBRARIES = YES;
				CODE_SIGN_STYLE = Automatic;
				DEVELOPMENT_TEAM = Z26XZJBBF2;
				INFOPLIST_FILE = ValleyDemoUITests/Info.plist;
				LD_RUNPATH_SEARCH_PATHS = (
					"$(inherited)",
					"@executable_path/Frameworks",
					"@loader_path/Frameworks",
				);
				PRODUCT_BUNDLE_IDENTIFIER = com.jahidhassan.ValleyDemoUITests;
				PRODUCT_NAME = "$(TARGET_NAME)";
				SWIFT_VERSION = 4.2;
				TARGETED_DEVICE_FAMILY = "1,2";
				TEST_TARGET_NAME = ValleyDemo;
			};
			name = Release;
		};
/* End XCBuildConfiguration section */

/* Begin XCConfigurationList section */
		083DC48B219FFF7000D6DDEA /* Build configuration list for PBXProject "ValleyDemo" */ = {
			isa = XCConfigurationList;
			buildConfigurations = (
				083DC4B6219FFF7800D6DDEA /* Debug */,
				083DC4B7219FFF7800D6DDEA /* Release */,
			);
			defaultConfigurationIsVisible = 0;
			defaultConfigurationName = Release;
		};
		083DC4B8219FFF7800D6DDEA /* Build configuration list for PBXNativeTarget "ValleyDemo" */ = {
			isa = XCConfigurationList;
			buildConfigurations = (
				083DC4B9219FFF7800D6DDEA /* Debug */,
				083DC4BA219FFF7800D6DDEA /* Release */,
			);
			defaultConfigurationIsVisible = 0;
			defaultConfigurationName = Release;
		};
		083DC4BB219FFF7800D6DDEA /* Build configuration list for PBXNativeTarget "ValleyDemoTests" */ = {
			isa = XCConfigurationList;
			buildConfigurations = (
				083DC4BC219FFF7800D6DDEA /* Debug */,
				083DC4BD219FFF7800D6DDEA /* Release */,
			);
			defaultConfigurationIsVisible = 0;
			defaultConfigurationName = Release;
		};
		083DC4BE219FFF7800D6DDEA /* Build configuration list for PBXNativeTarget "ValleyDemoUITests" */ = {
			isa = XCConfigurationList;
			buildConfigurations = (
				083DC4BF219FFF7800D6DDEA /* Debug */,
				083DC4C0219FFF7800D6DDEA /* Release */,
			);
			defaultConfigurationIsVisible = 0;
			defaultConfigurationName = Release;
		};
/* End XCConfigurationList section */
	};
	rootObject = 083DC488219FFF7000D6DDEA /* Project object */;
}
